{
  "requires": true,
  "lockfileVersion": 1,
  "dependencies": {
    "guacamole-common-js": {
      "version": "1.1.0-b",
      "resolved": "https://registry.npmjs.org/guacamole-common-js/-/guacamole-common-js-1.1.0-b.tgz",
      "integrity": "sha512-aU0AilOowlsw2QEb7F7a+L6+cdc40D38Pe7rRnbuKZ5KTqcwZK6dworQNrCbrSavKNH/+qvAcQkskMntVBmMaQ=="
    }
  }
}
